
Microsoft Visual Studio Solution File, Format Version 12.00
# Visual Studio Version 17
VisualStudioVersion = 17.1.32210.238
MinimumVisualStudioVersion = 10.0.40219.1
Project("{9A19103F-16F7-4668-BE54-9A1E7A4F7556}") = "DesignPatterns.CreationalPatterns", "DesignPatterns.CreationalPatterns\DesignPatterns.CreationalPatterns.csproj", "{C5648D8A-8FB8-4D24-BAD0-A029F54D70DC}"
EndProject
Project("{9A19103F-16F7-4668-BE54-9A1E7A4F7556}") = "DesignPatterns.StructuralPatterns", "DesignPatterns.StructuralPatterns\DesignPatterns.StructuralPatterns.csproj", "{9D8E3B1F-7F9E-4F69-B0C9-AF67BF858C30}"
EndProject
Project("{9A19103F-16F7-4668-BE54-9A1E7A4F7556}") = "DesignPatterns.Test", "DesignPatterns.Test\DesignPatterns.Test.csproj", "{6342A430-F78F-46F1-9797-23DFA4957027}"
EndProject
Project("{FAE04EC0-301F-11D3-BF4B-00C04F79EFBC}") = "DesignPatterns.BehaviouralPatterns", "DesignPatterns.BehaviouralPatterns\DesignPatterns.BehaviouralPatterns.csproj", "{CA291398-C77C-49EB-963D-90728C21D173}"
EndProject
Global
	GlobalSection(SolutionConfigurationPlatforms) = preSolution
		Debug|Any CPU = Debug|Any CPU
		Release|Any CPU = Release|Any CPU
	EndGlobalSection
	GlobalSection(ProjectConfigurationPlatforms) = postSolution
		{C5648D8A-8FB8-4D24-BAD0-A029F54D70DC}.Debug|Any CPU.ActiveCfg = Debug|Any CPU
		{C5648D8A-8FB8-4D24-BAD0-A029F54D70DC}.Debug|Any CPU.Build.0 = Debug|Any CPU
		{C5648D8A-8FB8-4D24-BAD0-A029F54D70DC}.Release|Any CPU.ActiveCfg = Release|Any CPU
		{C5648D8A-8FB8-4D24-BAD0-A029F54D70DC}.Release|Any CPU.Build.0 = Release|Any CPU
		{9D8E3B1F-7F9E-4F69-B0C9-AF67BF858C30}.Debug|Any CPU.ActiveCfg = Debug|Any CPU
		{9D8E3B1F-7F9E-4F69-B0C9-AF67BF858C30}.Debug|Any CPU.Build.0 = Debug|Any CPU
		{9D8E3B1F-7F9E-4F69-B0C9-AF67BF858C30}.Release|Any CPU.ActiveCfg = Release|Any CPU
		{9D8E3B1F-7F9E-4F69-B0C9-AF67BF858C30}.Release|Any CPU.Build.0 = Release|Any CPU
		{6342A430-F78F-46F1-9797-23DFA4957027}.Debug|Any CPU.ActiveCfg = Debug|Any CPU
		{6342A430-F78F-46F1-9797-23DFA4957027}.Debug|Any CPU.Build.0 = Debug|Any CPU
		{6342A430-F78F-46F1-9797-23DFA4957027}.Release|Any CPU.ActiveCfg = Release|Any CPU
		{6342A430-F78F-46F1-9797-23DFA4957027}.Release|Any CPU.Build.0 = Release|Any CPU
		{CA291398-C77C-49EB-963D-90728C21D173}.Debug|Any CPU.ActiveCfg = Debug|Any CPU
		{CA291398-C77C-49EB-963D-90728C21D173}.Debug|Any CPU.Build.0 = Debug|Any CPU
		{CA291398-C77C-49EB-963D-90728C21D173}.Release|Any CPU.ActiveCfg = Release|Any CPU
		{CA291398-C77C-49EB-963D-90728C21D173}.Release|Any CPU.Build.0 = Release|Any CPU
	EndGlobalSection
	GlobalSection(SolutionProperties) = preSolution
		HideSolutionNode = FALSE
	EndGlobalSection
	GlobalSection(ExtensibilityGlobals) = postSolution
		SolutionGuid = {DC4028A0-6F2E-4860-864D-CBC3AE8E1592}
	EndGlobalSection
EndGlobal
